
Microsoft Visual Studio Solution File, Format Version 12.00
# Visual Studio Version 17
VisualStudioVersion = 17.0.31717.71
MinimumVisualStudioVersion = 10.0.40219.1
Project("{FAE04EC0-301F-11D3-BF4B-00C04F79EFBC}") = "_Directory", "_Directory\_Directory.csproj", "{45629C8E-E536-47FB-A63F-43BCD10E5280}"
EndProject
Global
	GlobalSection(SolutionConfigurationPlatforms) = preSolution
		Debug|Any CPU = Debug|Any CPU
		Release|Any CPU = Release|Any CPU
	EndGlobalSection
	GlobalSection(ProjectConfigurationPlatforms) = postSolution
		{45629C8E-E536-47FB-A63F-43BCD10E5280}.Debug|Any CPU.ActiveCfg = Debug|Any CPU
		{45629C8E-E536-47FB-A63F-43BCD10E5280}.Debug|Any CPU.Build.0 = Debug|Any CPU
		{45629C8E-E536-47FB-A63F-43BCD10E5280}.Release|Any CPU.ActiveCfg = Release|Any CPU
		{45629C8E-E536-47FB-A63F-43BCD10E5280}.Release|Any CPU.Build.0 = Release|Any CPU
	EndGlobalSection
	GlobalSection(SolutionProperties) = preSolution
		HideSolutionNode = FALSE
	EndGlobalSection
	GlobalSection(ExtensibilityGlobals) = postSolution
		SolutionGuid = {B09F331D-1D3C-4732-8616-3FAFF11BF805}
	EndGlobalSection
EndGlobal
